
Microsoft Visual Studio Solution File, Format Version 12.00
# Visual Studio Version 17
VisualStudioVersion = 17.7.34009.444
MinimumVisualStudioVersion = 10.0.40219.1
Project("{9A19103F-16F7-4668-BE54-9A1E7A4F7556}") = "FakerConsole", "FakerConsole\FakerConsole.csproj", "{6D34B029-5338-43B3-9D7B-77C744F755ED}"
EndProject
Project("{9A19103F-16F7-4668-BE54-9A1E7A4F7556}") = "ClassLib", "NetStandard\ClassLib.csproj", "{FC6A703F-3641-4C98-BA71-D3062EBB2DFF}"
EndProject
Global
	GlobalSection(SolutionConfigurationPlatforms) = preSolution
		Debug|Any CPU = Debug|Any CPU
		Release|Any CPU = Release|Any CPU
	EndGlobalSection
	GlobalSection(ProjectConfigurationPlatforms) = postSolution
		{6D34B029-5338-43B3-9D7B-77C744F755ED}.Debug|Any CPU.ActiveCfg = Debug|Any CPU
		{6D34B029-5338-43B3-9D7B-77C744F755ED}.Debug|Any CPU.Build.0 = Debug|Any CPU
		{6D34B029-5338-43B3-9D7B-77C744F755ED}.Release|Any CPU.ActiveCfg = Release|Any CPU
		{6D34B029-5338-43B3-9D7B-77C744F755ED}.Release|Any CPU.Build.0 = Release|Any CPU
		{FC6A703F-3641-4C98-BA71-D3062EBB2DFF}.Debug|Any CPU.ActiveCfg = Debug|Any CPU
		{FC6A703F-3641-4C98-BA71-D3062EBB2DFF}.Debug|Any CPU.Build.0 = Debug|Any CPU
		{FC6A703F-3641-4C98-BA71-D3062EBB2DFF}.Release|Any CPU.ActiveCfg = Release|Any CPU
		{FC6A703F-3641-4C98-BA71-D3062EBB2DFF}.Release|Any CPU.Build.0 = Release|Any CPU
	EndGlobalSection
	GlobalSection(SolutionProperties) = preSolution
		HideSolutionNode = FALSE
	EndGlobalSection
	GlobalSection(ExtensibilityGlobals) = postSolution
		SolutionGuid = {1EF979F4-CDD8-4442-8DBD-903BF68C2DB3}
	EndGlobalSection
EndGlobal
